# Generated by fklua. Do not edit.
# Regenerate with `fklua lock`; verify with `fklua gen-bindings --check`.
api = "2.1.16"
api_sha256 = "1c21fc0d6c56f75aea97ef45b73e4915a361b0b0d912dbc01aad7046e9088348"
bindings_sha256 = "379a8b9b366aebc7cb59edb30b300889d796baef9232fd1b111fe21bd93aa8fc"
fklua = "0.1.0"
