# Generated by fklua. Do not edit.
# Regenerate with `fklua lock`; verify with `fklua gen-bindings --check`.
api = "2.0.77"
api_sha256 = "594b4ec98cc5fbee322d7380db49a388ab38b0d69c06f00ead877cffbb37f578"
bindings_sha256 = "dd3cd8b508068adcf64a7fe895e0325c61fd76ff946e2f874430369def8e940d"
fklua = "0.1.0"
