# Generated by fklua. Do not edit.
# Regenerate with `fklua lock`; verify with `fklua gen-bindings --check`.
api = "2.1.14"
api_sha256 = "756b6b81814b593c01f01e4a59423af8b73c6e10539bfda703784e432d9e8448"
bindings_sha256 = "24ced0a7b6761e36427b6ae5b5cc0b6f5207bce5c0d0ae982aac023715bcddb3"
fklua = "0.1.0"
